// !$*UTF8*$!
{
	archiveVersion = 1;
	classes = {
	};
	objectVersion = 50;
	objects = {

/* Begin PBXBuildFile section */
		6744D9212716F5D200513247 /* AppDelegate.swift in Sources */ = {isa = PBXBuildFile; fileRef = 6744D9202716F5D200513247 /* AppDelegate.swift */; };
		6744D9232716F5D200513247 /* SceneDelegate.swift in Sources */ = {isa = PBXBuildFile; fileRef = 6744D9222716F5D200513247 /* SceneDelegate.swift */; };
		6744D9252716F5D200513247 /* ViewController.swift in Sources */ = {isa = PBXBuildFile; fileRef = 6744D9242716F5D200513247 /* ViewController.swift */; };
		6744D9282716F5D200513247 /* Main.storyboard in Resources */ = {isa = PBXBuildFile; fileRef = 6744D9262716F5D200513247 /* Main.storyboard */; };
		6744D92A2716F5D200513247 /* Assets.xcassets in Resources */ = {isa = PBXBuildFile; fileRef = 6744D9292716F5D200513247 /* Assets.xcassets */; };
		6744D92D2716F5D200513247 /* LaunchScreen.storyboard in Resources */ = {isa = PBXBuildFile; fileRef = 6744D92B2716F5D200513247 /* LaunchScreen.storyboard */; };
		6744D9362716FFFC00513247 /* SoftBoiledController.swift in Sources */ = {isa = PBXBuildFile; fileRef = 6744D9342716FFFC00513247 /* SoftBoiledController.swift */; };
		6744D9372716FFFC00513247 /* SoftBoiledController.xib in Resources */ = {isa = PBXBuildFile; fileRef = 6744D9352716FFFC00513247 /* SoftBoiledController.xib */; };
		6744D93A271700AB00513247 /* NormalBoiledController.swift in Sources */ = {isa = PBXBuildFile; fileRef = 6744D938271700AB00513247 /* NormalBoiledController.swift */; };
		6744D93B271700AB00513247 /* NormalBoiledController.xib in Resources */ = {isa = PBXBuildFile; fileRef = 6744D939271700AB00513247 /* NormalBoiledController.xib */; };
		6744D93E271700F500513247 /* CoddledController.swift in Sources */ = {isa = PBXBuildFile; fileRef = 6744D93C271700F500513247 /* CoddledController.swift */; };
		6744D93F271700F500513247 /* CoddledController.xib in Resources */ = {isa = PBXBuildFile; fileRef = 6744D93D271700F500513247 /* CoddledController.xib */; };
/* End PBXBuildFile section */

/* Begin PBXFileReference section */
		6744D91D2716F5D200513247 /* Week5-EggTimer.app */ = {isa = PBXFileReference; explicitFileType = wrapper.application; includeInIndex = 0; path = "Week5-EggTimer.app"; sourceTree = BUILT_PRODUCTS_DIR; };
		6744D9202716F5D200513247 /* AppDelegate.swift */ = {isa = PBXFileReference; lastKnownFileType = sourcecode.swift; path = AppDelegate.swift; sourceTree = "<group>"; };
		6744D9222716F5D200513247 /* SceneDelegate.swift */ = {isa = PBXFileReference; lastKnownFileType = sourcecode.swift; path = SceneDelegate.swift; sourceTree = "<group>"; };
		6744D9242716F5D200513247 /* ViewController.swift */ = {isa = PBXFileReference; lastKnownFileType = sourcecode.swift; path = ViewController.swift; sourceTree = "<group>"; };
		6744D9272716F5D200513247 /* Base */ = {isa = PBXFileReference; lastKnownFileType = file.storyboard; name = Base; path = Base.lproj/Main.storyboard; sourceTree = "<group>"; };
		6744D9292716F5D200513247 /* Assets.xcassets */ = {isa = PBXFileReference; lastKnownFileType = folder.assetcatalog; path = Assets.xcassets; sourceTree = "<group>"; };
		6744D92C2716F5D200513247 /* Base */ = {isa = PBXFileReference; lastKnownFileType = file.storyboard; name = Base; path = Base.lproj/LaunchScreen.storyboard; sourceTree = "<group>"; };
		6744D92E2716F5D200513247 /* Info.plist */ = {isa = PBXFileReference; lastKnownFileType = text.plist.xml; path = Info.plist; sourceTree = "<group>"; };
		6744D9342716FFFC00513247 /* SoftBoiledController.swift */ = {isa = PBXFileReference; lastKnownFileType = sourcecode.swift; path = SoftBoiledController.swift; sourceTree = "<group>"; };
		6744D9352716FFFC00513247 /* SoftBoiledController.xib */ = {isa = PBXFileReference; lastKnownFileType = file.xib; path = SoftBoiledController.xib; sourceTree = "<group>"; };
		6744D938271700AB00513247 /* NormalBoiledController.swift */ = {isa = PBXFileReference; lastKnownFileType = sourcecode.swift; path = NormalBoiledController.swift; sourceTree = "<group>"; };
		6744D939271700AB00513247 /* NormalBoiledController.xib */ = {isa = PBXFileReference; lastKnownFileType = file.xib; path = NormalBoiledController.xib; sourceTree = "<group>"; };
		6744D93C271700F500513247 /* CoddledController.swift */ = {isa = PBXFileReference; lastKnownFileType = sourcecode.swift; path = CoddledController.swift; sourceTree = "<group>"; };
		6744D93D271700F500513247 /* CoddledController.xib */ = {isa = PBXFileReference; lastKnownFileType = file.xib; path = CoddledController.xib; sourceTree = "<group>"; };
/* End PBXFileReference section */

/* Begin PBXFrameworksBuildPhase section */
		6744D91A2716F5D200513247 /* Frameworks */ = {
			isa = PBXFrameworksBuildPhase;
			buildActionMask = 2147483647;
			files = (
			);
			runOnlyForDeploymentPostprocessing = 0;
		};
/* End PBXFrameworksBuildPhase section */

/* Begin PBXGroup section */
		6744D9142716F5D100513247 = {
			isa = PBXGroup;
			children = (
				6744D91F2716F5D200513247 /* Week5-EggTimer */,
				6744D91E2716F5D200513247 /* Products */,
			);
			sourceTree = "<group>";
		};
		6744D91E2716F5D200513247 /* Products */ = {
			isa = PBXGroup;
			children = (
				6744D91D2716F5D200513247 /* Week5-EggTimer.app */,
			);
			name = Products;
			sourceTree = "<group>";
		};
		6744D91F2716F5D200513247 /* Week5-EggTimer */ = {
			isa = PBXGroup;
			children = (
				6744D9202716F5D200513247 /* AppDelegate.swift */,
				6744D9222716F5D200513247 /* SceneDelegate.swift */,
				6744D9242716F5D200513247 /* ViewController.swift */,
				6744D9262716F5D200513247 /* Main.storyboard */,
				6744D9292716F5D200513247 /* Assets.xcassets */,
				6744D92B2716F5D200513247 /* LaunchScreen.storyboard */,
				6744D92E2716F5D200513247 /* Info.plist */,
				6744D9342716FFFC00513247 /* SoftBoiledController.swift */,
				6744D9352716FFFC00513247 /* SoftBoiledController.xib */,
				6744D938271700AB00513247 /* NormalBoiledController.swift */,
				6744D939271700AB00513247 /* NormalBoiledController.xib */,
				6744D93C271700F500513247 /* CoddledController.swift */,
				6744D93D271700F500513247 /* CoddledController.xib */,
			);
			path = "Week5-EggTimer";
			sourceTree = "<group>";
		};
/* End PBXGroup section */

/* Begin PBXNativeTarget section */
		6744D91C2716F5D200513247 /* Week5-EggTimer */ = {
			isa = PBXNativeTarget;
			buildConfigurationList = 6744D9312716F5D200513247 /* Build configuration list for PBXNativeTarget "Week5-EggTimer" */;
			buildPhases = (
				6744D9192716F5D200513247 /* Sources */,
				6744D91A2716F5D200513247 /* Frameworks */,
				6744D91B2716F5D200513247 /* Resources */,
			);
			buildRules = (
			);
			dependencies = (
			);
			name = "Week5-EggTimer";
			productName = "Week5-EggTimer";
			productReference = 6744D91D2716F5D200513247 /* Week5-EggTimer.app */;
			productType = "com.apple.product-type.application";
		};
/* End PBXNativeTarget section */

/* Begin PBXProject section */
		6744D9152716F5D100513247 /* Project object */ = {
			isa = PBXProject;
			attributes = {
				LastSwiftUpdateCheck = 1250;
				LastUpgradeCheck = 1250;
				TargetAttributes = {
					6744D91C2716F5D200513247 = {
						CreatedOnToolsVersion = 12.5.1;
					};
				};
			};
			buildConfigurationList = 6744D9182716F5D100513247 /* Build configuration list for PBXProject "Week5-EggTimer" */;
			compatibilityVersion = "Xcode 9.3";
			developmentRegion = en;
			hasScannedForEncodings = 0;
			knownRegions = (
				en,
				Base,
			);
			mainGroup = 6744D9142716F5D100513247;
			productRefGroup = 6744D91E2716F5D200513247 /* Products */;
			projectDirPath = "";
			projectRoot = "";
			targets = (
				6744D91C2716F5D200513247 /* Week5-EggTimer */,
			);
		};
/* End PBXProject section */

/* Begin PBXResourcesBuildPhase section */
		6744D91B2716F5D200513247 /* Resources */ = {
			isa = PBXResourcesBuildPhase;
			buildActionMask = 2147483647;
			files = (
				6744D93B271700AB00513247 /* NormalBoiledController.xib in Resources */,
				6744D93F271700F500513247 /* CoddledController.xib in Resources */,
				6744D9372716FFFC00513247 /* SoftBoiledController.xib in Resources */,
				6744D92D2716F5D200513247 /* LaunchScreen.storyboard in Resources */,
				6744D92A2716F5D200513247 /* Assets.xcassets in Resources */,
				6744D9282716F5D200513247 /* Main.storyboard in Resources */,
			);
			runOnlyForDeploymentPostprocessing = 0;
		};
/* End PBXResourcesBuildPhase section */

/* Begin PBXSourcesBuildPhase section */
		6744D9192716F5D200513247 /* Sources */ = {
			isa = PBXSourcesBuildPhase;
			buildActionMask = 2147483647;
			files = (
				6744D9362716FFFC00513247 /* SoftBoiledController.swift in Sources */,
				6744D9252716F5D200513247 /* ViewController.swift in Sources */,
				6744D9212716F5D200513247 /* AppDelegate.swift in Sources */,
				6744D93A271700AB00513247 /* NormalBoiledController.swift in Sources */,
				6744D9232716F5D200513247 /* SceneDelegate.swift in Sources */,
				6744D93E271700F500513247 /* CoddledController.swift in Sources */,
			);
			runOnlyForDeploymentPostprocessing = 0;
		};
/* End PBXSourcesBuildPhase section */

/* Begin PBXVariantGroup section */
		6744D9262716F5D200513247 /* Main.storyboard */ = {
			isa = PBXVariantGroup;
			children = (
				6744D9272716F5D200513247 /* Base */,
			);
			name = Main.storyboard;
			sourceTree = "<group>";
		};
		6744D92B2716F5D200513247 /* LaunchScreen.storyboard */ = {
			isa = PBXVariantGroup;
			children = (
				6744D92C2716F5D200513247 /* Base */,
			);
			name = LaunchScreen.storyboard;
			sourceTree = "<group>";
		};
/* End PBXVariantGroup section */

/* Begin XCBuildConfiguration section */
		6744D92F2716F5D200513247 /* Debug */ = {
			isa = XCBuildConfiguration;
			buildSettings = {
				ALWAYS_SEARCH_USER_PATHS = NO;
				CLANG_ANALYZER_NONNULL = YES;
				CLANG_ANALYZER_NUMBER_OBJECT_CONVERSION = YES_AGGRESSIVE;
				CLANG_CXX_LANGUAGE_STANDARD = "gnu++14";
				CLANG_CXX_LIBRARY = "libc++";
				CLANG_ENABLE_MODULES = YES;
				CLANG_ENABLE_OBJC_ARC = YES;
				CLANG_ENABLE_OBJC_WEAK = YES;
				CLANG_WARN_BLOCK_CAPTURE_AUTORELEASING = YES;
				CLANG_WARN_BOOL_CONVERSION = YES;
				CLANG_WARN_COMMA = YES;
				CLANG_WARN_CONSTANT_CONVERSION = YES;
				CLANG_WARN_DEPRECATED_OBJC_IMPLEMENTATIONS = YES;
				CLANG_WARN_DIRECT_OBJC_ISA_USAGE = YES_ERROR;
				CLANG_WARN_DOCUMENTATION_COMMENTS = YES;
				CLANG_WARN_EMPTY_BODY = YES;
				CLANG_WARN_ENUM_CONVERSION = YES;
				CLANG_WARN_INFINITE_RECURSION = YES;
				CLANG_WARN_INT_CONVERSION = YES;
				CLANG_WARN_NON_LITERAL_NULL_CONVERSION = YES;
				CLANG_WARN_OBJC_IMPLICIT_RETAIN_SELF = YES;
				CLANG_WARN_OBJC_LITERAL_CONVERSION = YES;
				CLANG_WARN_OBJC_ROOT_CLASS = YES_ERROR;
				CLANG_WARN_QUOTED_INCLUDE_IN_FRAMEWORK_HEADER = YES;
				CLANG_WARN_RANGE_LOOP_ANALYSIS = YES;
				CLANG_WARN_STRICT_PROTOTYPES = YES;
				CLANG_WARN_SUSPICIOUS_MOVE = YES;
				CLANG_WARN_UNGUARDED_AVAILABILITY = YES_AGGRESSIVE;
				CLANG_WARN_UNREACHABLE_CODE = YES;
				CLANG_WARN__DUPLICATE_METHOD_MATCH = YES;
				COPY_PHASE_STRIP = NO;
				DEBUG_INFORMATION_FORMAT = dwarf;
				ENABLE_STRICT_OBJC_MSGSEND = YES;
				ENABLE_TESTABILITY = YES;
				GCC_C_LANGUAGE_STANDARD = gnu11;
				GCC_DYNAMIC_NO_PIC = NO;
				GCC_NO_COMMON_BLOCKS = YES;
				GCC_OPTIMIZATION_LEVEL = 0;
				GCC_PREPROCESSOR_DEFINITIONS = (
					"DEBUG=1",
					"$(inherited)",
				);
				GCC_WARN_64_TO_32_BIT_CONVERSION = YES;
				GCC_WARN_ABOUT_RETURN_TYPE = YES_ERROR;
				GCC_WARN_UNDECLARED_SELECTOR = YES;
				GCC_WARN_UNINITIALIZED_AUTOS = YES_AGGRESSIVE;
				GCC_WARN_UNUSED_FUNCTION = YES;
				GCC_WARN_UNUSED_VARIABLE = YES;
				IPHONEOS_DEPLOYMENT_TARGET = 14.5;
				MTL_ENABLE_DEBUG_INFO = INCLUDE_SOURCE;
				MTL_FAST_MATH = YES;
				ONLY_ACTIVE_ARCH = YES;
				SDKROOT = iphoneos;
				SWIFT_ACTIVE_COMPILATION_CONDITIONS = DEBUG;
				SWIFT_OPTIMIZATION_LEVEL = "-Onone";
			};
			name = Debug;
		};
		6744D9302716F5D200513247 /* Release */ = {
			isa = XCBuildConfiguration;
			buildSettings = {
				ALWAYS_SEARCH_USER_PATHS = NO;
				CLANG_ANALYZER_NONNULL = YES;
				CLANG_ANALYZER_NUMBER_OBJECT_CONVERSION = YES_AGGRESSIVE;
				CLANG_CXX_LANGUAGE_STANDARD = "gnu++14";
				CLANG_CXX_LIBRARY = "libc++";
				CLANG_ENABLE_MODULES = YES;
				CLANG_ENABLE_OBJC_ARC = YES;
				CLANG_ENABLE_OBJC_WEAK = YES;
				CLANG_WARN_BLOCK_CAPTURE_AUTORELEASING = YES;
				CLANG_WARN_BOOL_CONVERSION = YES;
				CLANG_WARN_COMMA = YES;
				CLANG_WARN_CONSTANT_CONVERSION = YES;
				CLANG_WARN_DEPRECATED_OBJC_IMPLEMENTATIONS = YES;
				CLANG_WARN_DIRECT_OBJC_ISA_USAGE = YES_ERROR;
				CLANG_WARN_DOCUMENTATION_COMMENTS = YES;
				CLANG_WARN_EMPTY_BODY = YES;
				CLANG_WARN_ENUM_CONVERSION = YES;
				CLANG_WARN_INFINITE_RECURSION = YES;
				CLANG_WARN_INT_CONVERSION = YES;
				CLANG_WARN_NON_LITERAL_NULL_CONVERSION = YES;
				CLANG_WARN_OBJC_IMPLICIT_RETAIN_SELF = YES;
				CLANG_WARN_OBJC_LITERAL_CONVERSION = YES;
				CLANG_WARN_OBJC_ROOT_CLASS = YES_ERROR;
				CLANG_WARN_QUOTED_INCLUDE_IN_FRAMEWORK_HEADER = YES;
				CLANG_WARN_RANGE_LOOP_ANALYSIS = YES;
				CLANG_WARN_STRICT_PROTOTYPES = YES;
				CLANG_WARN_SUSPICIOUS_MOVE = YES;
				CLANG_WARN_UNGUARDED_AVAILABILITY = YES_AGGRESSIVE;
				CLANG_WARN_UNREACHABLE_CODE = YES;
				CLANG_WARN__DUPLICATE_METHOD_MATCH = YES;
				COPY_PHASE_STRIP = NO;
				DEBUG_INFORMATION_FORMAT = "dwarf-with-dsym";
				ENABLE_NS_ASSERTIONS = NO;
				ENABLE_STRICT_OBJC_MSGSEND = YES;
				GCC_C_LANGUAGE_STANDARD = gnu11;
				GCC_NO_COMMON_BLOCKS = YES;
				GCC_WARN_64_TO_32_BIT_CONVERSION = YES;
				GCC_WARN_ABOUT_RETURN_TYPE = YES_ERROR;
				GCC_WARN_UNDECLARED_SELECTOR = YES;
				GCC_WARN_UNINITIALIZED_AUTOS = YES_AGGRESSIVE;
				GCC_WARN_UNUSED_FUNCTION = YES;
				GCC_WARN_UNUSED_VARIABLE = YES;
				IPHONEOS_DEPLOYMENT_TARGET = 14.5;
				MTL_ENABLE_DEBUG_INFO = NO;
				MTL_FAST_MATH = YES;
				SDKROOT = iphoneos;
				SWIFT_COMPILATION_MODE = wholemodule;
				SWIFT_OPTIMIZATION_LEVEL = "-O";
				VALIDATE_PRODUCT = YES;
			};
			name = Release;
		};
		6744D9322716F5D200513247 /* Debug */ = {
			isa = XCBuildConfiguration;
			buildSettings = {
				ASSETCATALOG_COMPILER_APPICON_NAME = AppIcon;
				ASSETCATALOG_COMPILER_GLOBAL_ACCENT_COLOR_NAME = AccentColor;
				CODE_SIGN_STYLE = Automatic;
				DEVELOPMENT_TEAM = BNK334U5U9;
				INFOPLIST_FILE = "Week5-EggTimer/Info.plist";
				LD_RUNPATH_SEARCH_PATHS = (
					"$(inherited)",
					"@executable_path/Frameworks",
				);
				PRODUCT_BUNDLE_IDENTIFIER = "com.mehmetsalihcelik.Week5-EggTimer";
				PRODUCT_NAME = "$(TARGET_NAME)";
				SWIFT_VERSION = 5.0;
				TARGETED_DEVICE_FAMILY = "1,2";
			};
			name = Debug;
		};
		6744D9332716F5D200513247 /* Release */ = {
			isa = XCBuildConfiguration;
			buildSettings = {
				ASSETCATALOG_COMPILER_APPICON_NAME = AppIcon;
				ASSETCATALOG_COMPILER_GLOBAL_ACCENT_COLOR_NAME = AccentColor;
				CODE_SIGN_STYLE = Automatic;
				DEVELOPMENT_TEAM = BNK334U5U9;
				INFOPLIST_FILE = "Week5-EggTimer/Info.plist";
				LD_RUNPATH_SEARCH_PATHS = (
					"$(inherited)",
					"@executable_path/Frameworks",
				);
				PRODUCT_BUNDLE_IDENTIFIER = "com.mehmetsalihcelik.Week5-EggTimer";
				PRODUCT_NAME = "$(TARGET_NAME)";
				SWIFT_VERSION = 5.0;
				TARGETED_DEVICE_FAMILY = "1,2";
			};
			name = Release;
		};
/* End XCBuildConfiguration section */

/* Begin XCConfigurationList section */
		6744D9182716F5D100513247 /* Build configuration list for PBXProject "Week5-EggTimer" */ = {
			isa = XCConfigurationList;
			buildConfigurations = (
				6744D92F2716F5D200513247 /* Debug */,
				6744D9302716F5D200513247 /* Release */,
			);
			defaultConfigurationIsVisible = 0;
			defaultConfigurationName = Release;
		};
		6744D9312716F5D200513247 /* Build configuration list for PBXNativeTarget "Week5-EggTimer" */ = {
			isa = XCConfigurationList;
			buildConfigurations = (
				6744D9322716F5D200513247 /* Debug */,
				6744D9332716F5D200513247 /* Release */,
			);
			defaultConfigurationIsVisible = 0;
			defaultConfigurationName = Release;
		};
/* End XCConfigurationList section */
	};
	rootObject = 6744D9152716F5D100513247 /* Project object */;
}
